
Microsoft Visual Studio Solution File, Format Version 12.00
# Visual Studio 14
VisualStudioVersion = 14.0.25420.1
MinimumVisualStudioVersion = 10.0.40219.1
Project("{2150E333-8FDC-42A3-9474-1A3956D46DE8}") = "Audit Trail", "Audit Trail", "{7144AD3B-77E2-4559-B3B8-9F2B82715D8C}"
EndProject
Project("{8BB2217D-0F2D-49D1-97BC-3654ED321F3B}") = "ATWeb", "ATWeb\ATWeb.xproj", "{6A14EAE1-29EA-4AA6-A2CD-AA22D31C9642}"
EndProject
Global
	GlobalSection(SolutionConfigurationPlatforms) = preSolution
		Debug|Any CPU = Debug|Any CPU
		Release|Any CPU = Release|Any CPU
	EndGlobalSection
	GlobalSection(ProjectConfigurationPlatforms) = postSolution
		{6A14EAE1-29EA-4AA6-A2CD-AA22D31C9642}.Debug|Any CPU.ActiveCfg = Debug|Any CPU
		{6A14EAE1-29EA-4AA6-A2CD-AA22D31C9642}.Debug|Any CPU.Build.0 = Debug|Any CPU
		{6A14EAE1-29EA-4AA6-A2CD-AA22D31C9642}.Release|Any CPU.ActiveCfg = Release|Any CPU
		{6A14EAE1-29EA-4AA6-A2CD-AA22D31C9642}.Release|Any CPU.Build.0 = Release|Any CPU
	EndGlobalSection
	GlobalSection(SolutionProperties) = preSolution
		HideSolutionNode = FALSE
	EndGlobalSection
	GlobalSection(NestedProjects) = preSolution
		{6A14EAE1-29EA-4AA6-A2CD-AA22D31C9642} = {7144AD3B-77E2-4559-B3B8-9F2B82715D8C}
	EndGlobalSection
EndGlobal
